_meta:
  generated_by: image-manager lock
  source: packages.ubuntu.com
  base:
    original: ubuntu:24.04
    digest: sha256:c35e29c9450151419d9448b0fd75374fec4fff364a27f176fb458d472dfc9e54
  codename: noble
  date: '2026-01-10T14:39:11.022392+00:00'
packages:
  libgcc-s1: 14.2.0-4ubuntu2~24.04
  libicu74: 74.2-1ubuntu3
  libc6: 2.39-0ubuntu8.6
