_meta:
  generated_by: image-manager lock
  source: packages.ubuntu.com
  base:
    original: ubuntu:24.04
    digest: sha256:c35e29c9450151419d9448b0fd75374fec4fff364a27f176fb458d472dfc9e54
  codename: noble
  date: '2026-01-04T14:47:25.709591+00:00'
packages:
  ca-certificates: '20240203'
  curl: 8.5.0-2ubuntu10.6
  git: 1:2.43.0-1ubuntu7.3
  gnupg: 2.4.4-2ubuntu17.3
  unzip: 6.0-28ubuntu4.1
  wget: 1.21.4-1ubuntu4.1
  zip: 3.0-13build1
